
Microsoft Visual Studio Solution File, Format Version 12.00
# Visual Studio Version 16
VisualStudioVersion = 16.0.29020.237
MinimumVisualStudioVersion = 10.0.40219.1
Project("{FAE04EC0-301F-11D3-BF4B-00C04F79EFBC}") = "DarshArts", "DarshArts.csproj", "{B8E465C8-7E93-4200-A80F-833B29E4B747}"
EndProject
Global
	GlobalSection(SolutionConfigurationPlatforms) = preSolution
		Debug|Any CPU = Debug|Any CPU
		Release|Any CPU = Release|Any CPU
	EndGlobalSection
	GlobalSection(ProjectConfigurationPlatforms) = postSolution
		{B8E465C8-7E93-4200-A80F-833B29E4B747}.Debug|Any CPU.ActiveCfg = Debug|Any CPU
		{B8E465C8-7E93-4200-A80F-833B29E4B747}.Debug|Any CPU.Build.0 = Debug|Any CPU
		{B8E465C8-7E93-4200-A80F-833B29E4B747}.Release|Any CPU.ActiveCfg = Release|Any CPU
		{B8E465C8-7E93-4200-A80F-833B29E4B747}.Release|Any CPU.Build.0 = Release|Any CPU
	EndGlobalSection
	GlobalSection(SolutionProperties) = preSolution
		HideSolutionNode = FALSE
	EndGlobalSection
	GlobalSection(ExtensibilityGlobals) = postSolution
		SolutionGuid = {A1F336F3-A444-4488-B04D-099C3B1C6B42}
	EndGlobalSection
EndGlobal
